
Microsoft Visual Studio Solution File, Format Version 12.00
# Visual Studio Version 17
VisualStudioVersion = 17.10.35027.167
MinimumVisualStudioVersion = 10.0.40219.1
Project("{FAE04EC0-301F-11D3-BF4B-00C04F79EFBC}") = "AuthSystem", "AuthSystem\AuthSystem.csproj", "{843EF2F5-DC2C-4BC2-A68F-D1B6BA94BAE2}"
EndProject
Project("{2150E333-8FDC-42A3-9474-1A3956D46DE8}") = "Solution Items", "Solution Items", "{E3C099CC-0776-4703-9124-CC86B8F24438}"
	ProjectSection(SolutionItems) = preProject
		.editorconfig = .editorconfig
	EndProjectSection
EndProject
Global
	GlobalSection(SolutionConfigurationPlatforms) = preSolution
		Debug|Any CPU = Debug|Any CPU
		Release|Any CPU = Release|Any CPU
	EndGlobalSection
	GlobalSection(ProjectConfigurationPlatforms) = postSolution
		{843EF2F5-DC2C-4BC2-A68F-D1B6BA94BAE2}.Debug|Any CPU.ActiveCfg = Debug|Any CPU
		{843EF2F5-DC2C-4BC2-A68F-D1B6BA94BAE2}.Debug|Any CPU.Build.0 = Debug|Any CPU
		{843EF2F5-DC2C-4BC2-A68F-D1B6BA94BAE2}.Release|Any CPU.ActiveCfg = Release|Any CPU
		{843EF2F5-DC2C-4BC2-A68F-D1B6BA94BAE2}.Release|Any CPU.Build.0 = Release|Any CPU
	EndGlobalSection
	GlobalSection(SolutionProperties) = preSolution
		HideSolutionNode = FALSE
	EndGlobalSection
	GlobalSection(ExtensibilityGlobals) = postSolution
		SolutionGuid = {3D1477FE-A3C9-4E50-9212-E4EBCDB686D4}
	EndGlobalSection
EndGlobal
